{
  "name": "d3",
  "version": "1.0.0",
  "lockfileVersion": 1,
  "requires": true,
  "dependencies": {
    "async": {
      "version": "1.5.2",
      "resolved": "https://registry.npmjs.org/async/-/async-1.5.2.tgz",
      "integrity": "sha1-7GphrlZIDAw8skHJVhjiCJL5Zyo="
    },
    "colors": {
      "version": "1.0.3",
      "resolved": "https://registry.npmjs.org/colors/-/colors-1.0.3.tgz",
      "integrity": "sha1-BDP0TYCWgP3rYO0mDxsMJi6CpAs="
    },
    "corser": {
      "version": "2.0.1",
      "resolved": "https://registry.npmjs.org/corser/-/corser-2.0.1.tgz",
      "integrity": "sha1-jtolLsqrWEDc2XXOuQ2TcMgZ/4c="
    },
    "d3-array": {
      "version": "1.0.1",
      "resolved": "https://registry.npmjs.org/d3-array/-/d3-array-1.0.1.tgz",
      "integrity": "sha1-N1wCh0/NlsFu2fG89bSnvlPzWOc="
    },
    "d3-axis": {
      "version": "1.0.3",
      "resolved": "https://registry.npmjs.org/d3-axis/-/d3-axis-1.0.3.tgz",
      "integrity": "sha1-3cvYojwqVo03h94N7gCjZBPF1ZU="
    },
    "d3-brush": {
      "version": "1.0.2",
      "resolved": "https://registry.npmjs.org/d3-brush/-/d3-brush-1.0.2.tgz",
      "integrity": "sha1-yacl0Nf31pJFVR/5biZCFeWagus=",
      "requires": {
        "d3-dispatch": "1",
        "d3-drag": "1",
        "d3-interpolate": "1",
        "d3-selection": "1",
        "d3-transition": "1"
      }
    },
    "d3-chord": {
      "version": "1.0.2",
      "resolved": "https://registry.npmjs.org/d3-chord/-/d3-chord-1.0.2.tgz",
      "integrity": "sha1-mxrJDv595EjAuRiDCQcd5ShVqZo=",
      "requires": {
        "d3-array": "1",
        "d3-path": "1"
      }
    },
    "d3-collection": {
      "version": "1.0.1",
      "resolved": "https://registry.npmjs.org/d3-collection/-/d3-collection-1.0.1.tgz",
      "integrity": "sha1-W1xWJvcxEitgCxB9caCIM/7ASa0="
    },
    "d3-color": {
      "version": "1.0.1",
      "resolved": "https://registry.npmjs.org/d3-color/-/d3-color-1.0.1.tgz",
      "integrity": "sha1-c8yR9O4/EuAMoGsVlqfIPPEEcjo="
    },
    "d3-dispatch": {
      "version": "1.0.1",
      "resolved": "https://registry.npmjs.org/d3-dispatch/-/d3-dispatch-1.0.1.tgz",
      "integrity": "sha1-S9ZaQ87P9DGN653yRVKqi/KBqEA="
    },
    "d3-drag": {
      "version": "1.0.1",
      "resolved": "https://registry.npmjs.org/d3-drag/-/d3-drag-1.0.1.tgz",
      "integrity": "sha1-Sa2fXJGGVZP7MMhrFfkyLUP+xR8=",
      "requires": {
        "d3-dispatch": "1",
        "d3-selection": "1"
      }
    },
    "d3-dsv": {
      "version": "1.0.1",
      "resolved": "https://registry.npmjs.org/d3-dsv/-/d3-dsv-1.0.1.tgz",
      "integrity": "sha1-1JU0fATLHg0mVXu9xHdcTRGiReo=",
      "requires": {
        "rw": "1"
      }
    },
    "d3-ease": {
      "version": "1.0.1",
      "resolved": "https://registry.npmjs.org/d3-ease/-/d3-ease-1.0.1.tgz",
      "integrity": "sha1-oYwtROIY+4uextY1vMpYf4WXmoU="
    },
    "d3-force": {
      "version": "1.0.2",
      "resolved": "https://registry.npmjs.org/d3-force/-/d3-force-1.0.2.tgz",
      "integrity": "sha1-ktvt6s+aLT9mhkUMjWN188Njr2Y=",
      "requires": {
        "d3-collection": "1",
        "d3-dispatch": "1",
        "d3-quadtree": "1",
        "d3-timer": "1"
      }
    },
    "d3-format": {
      "version": "1.0.2",
      "resolved": "https://registry.npmjs.org/d3-format/-/d3-format-1.0.2.tgz",
      "integrity": "sha1-E4YYMgtLvrQ7XA/zBRkHn7vXN14="
    },
    "d3-geo": {
      "version": "1.2.3",
      "resolved": "https://registry.npmjs.org/d3-geo/-/d3-geo-1.2.3.tgz",
      "integrity": "sha1-myQwp2pyUQ8sSlhi/h8HMFBSxqk=",
      "requires": {
        "d3-array": "1"
      }
    },
    "d3-hierarchy": {
      "version": "1.0.2",
      "resolved": "https://registry.npmjs.org/d3-hierarchy/-/d3-hierarchy-1.0.2.tgz",
      "integrity": "sha1-yPqhHcSbzJORTGqjWka97k4B7nI="
    },
    "d3-interpolate": {
      "version": "1.1.1",
      "resolved": "https://registry.npmjs.org/d3-interpolate/-/d3-interpolate-1.1.1.tgz",
      "integrity": "sha1-+a1PmkIbIsrYg4z1PZvSy60Lj9c=",
      "requires": {
        "d3-color": "1"
      }
    },
    "d3-path": {
      "version": "1.0.1",
      "resolved": "https://registry.npmjs.org/d3-path/-/d3-path-1.0.1.tgz",
      "integrity": "sha1-qMB89jO2vV+XDghjjknll5tBnLU="
    },
    "d3-polygon": {
      "version": "1.0.1",
      "resolved": "https://registry.npmjs.org/d3-polygon/-/d3-polygon-1.0.1.tgz",
      "integrity": "sha1-wecQzHFbCC8YSU0QLkG9qvjETQM="
    },
    "d3-quadtree": {
      "version": "1.0.1",
      "resolved": "https://registry.npmjs.org/d3-quadtree/-/d3-quadtree-1.0.1.tgz",
      "integrity": "sha1-E74CViTxEEBe1DU2xQaq7Bme1ZE="
    },
    "d3-queue": {
      "version": "3.0.2",
      "resolved": "https://registry.npmjs.org/d3-queue/-/d3-queue-3.0.2.tgz",
      "integrity": "sha1-8pOczNlLMBzHKeHJ0Vi9XCtscDY="
    },
    "d3-random": {
      "version": "1.0.1",
      "resolved": "https://registry.npmjs.org/d3-random/-/d3-random-1.0.1.tgz",
      "integrity": "sha1-LJREzcuiP4xB95QNRr8wG/mWA+s="
    },
    "d3-request": {
      "version": "1.0.2",
      "resolved": "https://registry.npmjs.org/d3-request/-/d3-request-1.0.2.tgz",
      "integrity": "sha1-mAg3NtQUb90ocDtaqO9+cyi6P2k=",
      "requires": {
        "d3-collection": "1",
        "d3-dispatch": "1",
        "d3-dsv": "1",
        "xmlhttprequest": "1"
      }
    },
    "d3-scale": {
      "version": "1.0.3",
      "resolved": "https://registry.npmjs.org/d3-scale/-/d3-scale-1.0.3.tgz",
      "integrity": "sha1-T56PDMLqDzkl/wSsJ63AkEX6TJA=",
      "requires": {
        "d3-array": "1",
        "d3-collection": "1",
        "d3-color": "1",
        "d3-format": "1",
        "d3-interpolate": "1",
        "d3-time": "1",
        "d3-time-format": "2"
      }
    },
    "d3-selection": {
      "version": "1.0.2",
      "resolved": "https://registry.npmjs.org/d3-selection/-/d3-selection-1.0.2.tgz",
      "integrity": "sha1-rmYq/UcCrJxdoDmyEHoXZPockHA="
    },
    "d3-shape": {
      "version": "1.0.2",
      "resolved": "https://registry.npmjs.org/d3-shape/-/d3-shape-1.0.2.tgz",
      "integrity": "sha1-N2VxT4ZFgbV4fQixfseo1i0DGPk=",
      "requires": {
        "d3-path": "1"
      }
    },
    "d3-time": {
      "version": "1.0.2",
      "resolved": "https://registry.npmjs.org/d3-time/-/d3-time-1.0.2.tgz",
      "integrity": "sha1-JdpkGnBhr49orQjKFzEBcXt0MPw="
    },
    "d3-time-format": {
      "version": "2.0.2",
      "resolved": "https://registry.npmjs.org/d3-time-format/-/d3-time-format-2.0.2.tgz",
      "integrity": "sha1-HFN+nUVYlmpljFH0yj3RtHNpwtU=",
      "requires": {
        "d3-time": "1"
      }
    },
    "d3-timer": {
      "version": "1.0.2",
      "resolved": "https://registry.npmjs.org/d3-timer/-/d3-timer-1.0.2.tgz",
      "integrity": "sha1-br9rvrat1B/FBShKl8x2EaMAKfM="
    },
    "d3-transition": {
      "version": "1.0.1",
      "resolved": "https://registry.npmjs.org/d3-transition/-/d3-transition-1.0.1.tgz",
      "integrity": "sha1-A/zzTS/xAqF4V2juUt1rnBkK98g=",
      "requires": {
        "d3-color": "1",
        "d3-dispatch": "1",
        "d3-ease": "1",
        "d3-interpolate": "1",
        "d3-selection": "1",
        "d3-timer": "1"
      }
    },
    "d3-voronoi": {
      "version": "1.0.2",
      "resolved": "https://registry.npmjs.org/d3-voronoi/-/d3-voronoi-1.0.2.tgz",
      "integrity": "sha1-CbGjp4kcTtg3bZ/9sudwQw8/VcM="
    },
    "d3-zoom": {
      "version": "1.0.3",
      "resolved": "https://registry.npmjs.org/d3-zoom/-/d3-zoom-1.0.3.tgz",
      "integrity": "sha1-s2v7UX5TXf8OF5CI2+s9eJmmBQ4=",
      "requires": {
        "d3-dispatch": "1",
        "d3-drag": "1",
        "d3-interpolate": "1",
        "d3-selection": "1",
        "d3-transition": "1"
      }
    },
    "d3v4": {
      "version": "4.2.2",
      "resolved": "https://registry.npmjs.org/d3v4/-/d3v4-4.2.2.tgz",
      "integrity": "sha1-dYE2/XkKqo/VV9rDW8NMOBIoHFg=",
      "requires": {
        "d3-array": "1.0.1",
        "d3-axis": "1.0.3",
        "d3-brush": "1.0.2",
        "d3-chord": "1.0.2",
        "d3-collection": "1.0.1",
        "d3-color": "1.0.1",
        "d3-dispatch": "1.0.1",
        "d3-drag": "1.0.1",
        "d3-dsv": "1.0.1",
        "d3-ease": "1.0.1",
        "d3-force": "1.0.2",
        "d3-format": "1.0.2",
        "d3-geo": "1.2.3",
        "d3-hierarchy": "1.0.2",
        "d3-interpolate": "1.1.1",
        "d3-path": "1.0.1",
        "d3-polygon": "1.0.1",
        "d3-quadtree": "1.0.1",
        "d3-queue": "3.0.2",
        "d3-random": "1.0.1",
        "d3-request": "1.0.2",
        "d3-scale": "1.0.3",
        "d3-selection": "1.0.2",
        "d3-shape": "1.0.2",
        "d3-time": "1.0.2",
        "d3-time-format": "2.0.2",
        "d3-timer": "1.0.2",
        "d3-transition": "1.0.1",
        "d3-voronoi": "1.0.2",
        "d3-zoom": "1.0.3"
      }
    },
    "debug": {
      "version": "3.2.6",
      "resolved": "https://registry.npmjs.org/debug/-/debug-3.2.6.tgz",
      "integrity": "sha512-mel+jf7nrtEl5Pn1Qx46zARXKDpBbvzezse7p7LqINmdoIk8PYP5SySaxEmYv6TZ0JyEKA1hsCId6DIhgITtWQ==",
      "requires": {
        "ms": "^2.1.1"
      }
    },
    "ecstatic": {
      "version": "3.3.1",
      "resolved": "https://registry.npmjs.org/ecstatic/-/ecstatic-3.3.1.tgz",
      "integrity": "sha512-/rrctvxZ78HMI/tPIsqdvFKHHscxR3IJuKrZI2ZoUgkt2SiufyLFBmcco+aqQBIu6P1qBsUNG3drAAGLx80vTQ==",
      "requires": {
        "he": "^1.1.1",
        "mime": "^1.6.0",
        "minimist": "^1.1.0",
        "url-join": "^2.0.5"
      }
    },
    "eventemitter3": {
      "version": "3.1.0",
      "resolved": "https://registry.npmjs.org/eventemitter3/-/eventemitter3-3.1.0.tgz",
      "integrity": "sha512-ivIvhpq/Y0uSjcHDcOIccjmYjGLcP09MFGE7ysAwkAvkXfpZlC985pH2/ui64DKazbTW/4kN3yqozUxlXzI6cA=="
    },
    "follow-redirects": {
      "version": "1.7.0",
      "resolved": "https://registry.npmjs.org/follow-redirects/-/follow-redirects-1.7.0.tgz",
      "integrity": "sha512-m/pZQy4Gj287eNy94nivy5wchN3Kp+Q5WgUPNy5lJSZ3sgkVKSYV/ZChMAQVIgx1SqfZ2zBZtPA2YlXIWxxJOQ==",
      "requires": {
        "debug": "^3.2.6"
      }
    },
    "he": {
      "version": "1.2.0",
      "resolved": "https://registry.npmjs.org/he/-/he-1.2.0.tgz",
      "integrity": "sha512-F/1DnUGPopORZi0ni+CvrCgHQ5FyEAHRLSApuYWMmrbSwoN2Mn/7k+Gl38gJnR7yyDZk6WLXwiGod1JOWNDKGw=="
    },
    "http-proxy": {
      "version": "1.17.0",
      "resolved": "https://registry.npmjs.org/http-proxy/-/http-proxy-1.17.0.tgz",
      "integrity": "sha512-Taqn+3nNvYRfJ3bGvKfBSRwy1v6eePlm3oc/aWVxZp57DQr5Eq3xhKJi7Z4hZpS8PC3H4qI+Yly5EmFacGuA/g==",
      "requires": {
        "eventemitter3": "^3.0.0",
        "follow-redirects": "^1.0.0",
        "requires-port": "^1.0.0"
      }
    },
    "http-server": {
      "version": "0.11.1",
      "resolved": "https://registry.npmjs.org/http-server/-/http-server-0.11.1.tgz",
      "integrity": "sha512-6JeGDGoujJLmhjiRGlt8yK8Z9Kl0vnl/dQoQZlc4oeqaUoAKQg94NILLfrY3oWzSyFaQCVNTcKE5PZ3cH8VP9w==",
      "requires": {
        "colors": "1.0.3",
        "corser": "~2.0.0",
        "ecstatic": "^3.0.0",
        "http-proxy": "^1.8.1",
        "opener": "~1.4.0",
        "optimist": "0.6.x",
        "portfinder": "^1.0.13",
        "union": "~0.4.3"
      }
    },
    "mime": {
      "version": "1.6.0",
      "resolved": "https://registry.npmjs.org/mime/-/mime-1.6.0.tgz",
      "integrity": "sha512-x0Vn8spI+wuJ1O6S7gnbaQg8Pxh4NNHb7KSINmEWKiPE4RKOplvijn+NkmYmmRgP68mc70j2EbeTFRsrswaQeg=="
    },
    "minimist": {
      "version": "1.2.0",
      "resolved": "https://registry.npmjs.org/minimist/-/minimist-1.2.0.tgz",
      "integrity": "sha1-o1AIsg9BOD7sH7kU9M1d95omQoQ="
    },
    "mkdirp": {
      "version": "0.5.1",
      "resolved": "https://registry.npmjs.org/mkdirp/-/mkdirp-0.5.1.tgz",
      "integrity": "sha1-MAV0OOrGz3+MR2fzhkjWaX11yQM=",
      "requires": {
        "minimist": "0.0.8"
      },
      "dependencies": {
        "minimist": {
          "version": "0.0.8",
          "resolved": "https://registry.npmjs.org/minimist/-/minimist-0.0.8.tgz",
          "integrity": "sha1-hX/Kv8M5fSYluCKCYuhqp6ARsF0="
        }
      }
    },
    "ms": {
      "version": "2.1.1",
      "resolved": "https://registry.npmjs.org/ms/-/ms-2.1.1.tgz",
      "integrity": "sha512-tgp+dl5cGk28utYktBsrFqA7HKgrhgPsg6Z/EfhWI4gl1Hwq8B/GmY/0oXZ6nF8hDVesS/FpnYaD/kOWhYQvyg=="
    },
    "opener": {
      "version": "1.4.3",
      "resolved": "https://registry.npmjs.org/opener/-/opener-1.4.3.tgz",
      "integrity": "sha1-XG2ixdflgx6P+jlklQ+NZnSskLg="
    },
    "optimist": {
      "version": "0.6.1",
      "resolved": "https://registry.npmjs.org/optimist/-/optimist-0.6.1.tgz",
      "integrity": "sha1-2j6nRob6IaGaERwybpDrFaAZZoY=",
      "requires": {
        "minimist": "~0.0.1",
        "wordwrap": "~0.0.2"
      },
      "dependencies": {
        "minimist": {
          "version": "0.0.10",
          "resolved": "https://registry.npmjs.org/minimist/-/minimist-0.0.10.tgz",
          "integrity": "sha1-3j+YVD2/lggr5IrRoMfNqDYwHc8="
        }
      }
    },
    "portfinder": {
      "version": "1.0.20",
      "resolved": "https://registry.npmjs.org/portfinder/-/portfinder-1.0.20.tgz",
      "integrity": "sha512-Yxe4mTyDzTd59PZJY4ojZR8F+E5e97iq2ZOHPz3HDgSvYC5siNad2tLooQ5y5QHyQhc3xVqvyk/eNA3wuoa7Sw==",
      "requires": {
        "async": "^1.5.2",
        "debug": "^2.2.0",
        "mkdirp": "0.5.x"
      },
      "dependencies": {
        "debug": {
          "version": "2.6.9",
          "resolved": "https://registry.npmjs.org/debug/-/debug-2.6.9.tgz",
          "integrity": "sha512-bC7ElrdJaJnPbAP+1EotYvqZsb3ecl5wi6Bfi6BJTUcNowp6cvspg0jXznRTKDjm/E7AdgFBVeAPVMNcKGsHMA==",
          "requires": {
            "ms": "2.0.0"
          }
        },
        "ms": {
          "version": "2.0.0",
          "resolved": "https://registry.npmjs.org/ms/-/ms-2.0.0.tgz",
          "integrity": "sha1-VgiurfwAvmwpAd9fmGF4jeDVl8g="
        }
      }
    },
    "qs": {
      "version": "2.3.3",
      "resolved": "https://registry.npmjs.org/qs/-/qs-2.3.3.tgz",
      "integrity": "sha1-6eha2+ddoLvkyOBHaghikPhjtAQ="
    },
    "requires-port": {
      "version": "1.0.0",
      "resolved": "https://registry.npmjs.org/requires-port/-/requires-port-1.0.0.tgz",
      "integrity": "sha1-kl0mAdOaxIXgkc8NpcbmlNw9yv8="
    },
    "rw": {
      "version": "1.3.3",
      "resolved": "https://registry.npmjs.org/rw/-/rw-1.3.3.tgz",
      "integrity": "sha1-P4Yt+pGrdmsUiF700BEkv9oHT7Q="
    },
    "union": {
      "version": "0.4.6",
      "resolved": "https://registry.npmjs.org/union/-/union-0.4.6.tgz",
      "integrity": "sha1-GY+9rrolTniLDvy2MLwR8kopWeA=",
      "requires": {
        "qs": "~2.3.3"
      }
    },
    "url-join": {
      "version": "2.0.5",
      "resolved": "https://registry.npmjs.org/url-join/-/url-join-2.0.5.tgz",
      "integrity": "sha1-WvIvGMBSoACkjXuCxenC4v7tpyg="
    },
    "wordwrap": {
      "version": "0.0.3",
      "resolved": "https://registry.npmjs.org/wordwrap/-/wordwrap-0.0.3.tgz",
      "integrity": "sha1-o9XabNXAvAAI03I0u68b7WMFkQc="
    },
    "xmlhttprequest": {
      "version": "1.8.0",
      "resolved": "https://registry.npmjs.org/xmlhttprequest/-/xmlhttprequest-1.8.0.tgz",
      "integrity": "sha1-Z/4HXFwk/vOfnWX197f+dRcZaPw="
    }
  }
}
